
Microsoft Visual Studio Solution File, Format Version 12.00
# Visual Studio Version 17
VisualStudioVersion = 17.10.35013.160
MinimumVisualStudioVersion = 10.0.40219.1
Project("{FAE04EC0-301F-11D3-BF4B-00C04F79EFBC}") = "E_Commerce", "E_Commerce\E_Commerce.csproj", "{8B50C752-714D-4B77-80B8-5D77A87E2BB1}"
EndProject
Global
	GlobalSection(SolutionConfigurationPlatforms) = preSolution
		Debug|Any CPU = Debug|Any CPU
		Release|Any CPU = Release|Any CPU
	EndGlobalSection
	GlobalSection(ProjectConfigurationPlatforms) = postSolution
		{8B50C752-714D-4B77-80B8-5D77A87E2BB1}.Debug|Any CPU.ActiveCfg = Debug|Any CPU
		{8B50C752-714D-4B77-80B8-5D77A87E2BB1}.Debug|Any CPU.Build.0 = Debug|Any CPU
		{8B50C752-714D-4B77-80B8-5D77A87E2BB1}.Release|Any CPU.ActiveCfg = Release|Any CPU
		{8B50C752-714D-4B77-80B8-5D77A87E2BB1}.Release|Any CPU.Build.0 = Release|Any CPU
	EndGlobalSection
	GlobalSection(SolutionProperties) = preSolution
		HideSolutionNode = FALSE
	EndGlobalSection
	GlobalSection(ExtensibilityGlobals) = postSolution
		SolutionGuid = {C0CAE7DE-5B6B-4B4F-B32C-220F20B9569D}
	EndGlobalSection
EndGlobal
